
Microsoft Visual Studio Solution File, Format Version 12.00
Project("{FAE04EC0-301F-11D3-BF4B-00C04F79EFBC}") = "homework3", "homework3\homework3.csproj", "{4DE25F0D-14F9-48C6-BD5F-28DC3AA0FC35}"
EndProject
Project("{FAE04EC0-301F-11D3-BF4B-00C04F79EFBC}") = "homework-4", "homework-4\homework-4.csproj", "{995A5FCB-BEE8-4708-ACE4-3BC9A8177E52}"
EndProject
Project("{FAE04EC0-301F-11D3-BF4B-00C04F79EFBC}") = "homework-5", "homework-5\homework-5.csproj", "{35F7799D-F59C-4459-8E4F-1932483EA503}"
EndProject
Global
	GlobalSection(SolutionConfigurationPlatforms) = preSolution
		Debug|Any CPU = Debug|Any CPU
		Release|Any CPU = Release|Any CPU
	EndGlobalSection
	GlobalSection(ProjectConfigurationPlatforms) = postSolution
		{4DE25F0D-14F9-48C6-BD5F-28DC3AA0FC35}.Debug|Any CPU.ActiveCfg = Debug|Any CPU
		{4DE25F0D-14F9-48C6-BD5F-28DC3AA0FC35}.Debug|Any CPU.Build.0 = Debug|Any CPU
		{4DE25F0D-14F9-48C6-BD5F-28DC3AA0FC35}.Release|Any CPU.ActiveCfg = Release|Any CPU
		{4DE25F0D-14F9-48C6-BD5F-28DC3AA0FC35}.Release|Any CPU.Build.0 = Release|Any CPU
		{995A5FCB-BEE8-4708-ACE4-3BC9A8177E52}.Debug|Any CPU.ActiveCfg = Debug|Any CPU
		{995A5FCB-BEE8-4708-ACE4-3BC9A8177E52}.Debug|Any CPU.Build.0 = Debug|Any CPU
		{995A5FCB-BEE8-4708-ACE4-3BC9A8177E52}.Release|Any CPU.ActiveCfg = Release|Any CPU
		{995A5FCB-BEE8-4708-ACE4-3BC9A8177E52}.Release|Any CPU.Build.0 = Release|Any CPU
		{35F7799D-F59C-4459-8E4F-1932483EA503}.Debug|Any CPU.ActiveCfg = Debug|Any CPU
		{35F7799D-F59C-4459-8E4F-1932483EA503}.Debug|Any CPU.Build.0 = Debug|Any CPU
		{35F7799D-F59C-4459-8E4F-1932483EA503}.Release|Any CPU.ActiveCfg = Release|Any CPU
		{35F7799D-F59C-4459-8E4F-1932483EA503}.Release|Any CPU.Build.0 = Release|Any CPU
	EndGlobalSection
EndGlobal
